
Microsoft Visual Studio Solution File, Format Version 12.00
# Visual Studio Version 17
VisualStudioVersion = 17.10.35122.118
MinimumVisualStudioVersion = 10.0.40219.1
Project("{9A19103F-16F7-4668-BE54-9A1E7A4F7556}") = "FIAP.ContatoChallenge", "FIAP.ContatoChallenge\FIAP.ContatoChallenge.csproj", "{F122A9B4-1B4D-4F7E-ADD3-E9038F38D7D3}"
EndProject
Project("{FAE04EC0-301F-11D3-BF4B-00C04F79EFBC}") = "ContatoChallenge.Testes", "ContatoChallenge.Testes\ContatoChallenge.Testes.csproj", "{8435AD06-26A7-4824-BC6F-1C89BF011348}"
EndProject
Global
	GlobalSection(SolutionConfigurationPlatforms) = preSolution
		Debug|Any CPU = Debug|Any CPU
		Release|Any CPU = Release|Any CPU
	EndGlobalSection
	GlobalSection(ProjectConfigurationPlatforms) = postSolution
		{F122A9B4-1B4D-4F7E-ADD3-E9038F38D7D3}.Debug|Any CPU.ActiveCfg = Debug|Any CPU
		{F122A9B4-1B4D-4F7E-ADD3-E9038F38D7D3}.Debug|Any CPU.Build.0 = Debug|Any CPU
		{F122A9B4-1B4D-4F7E-ADD3-E9038F38D7D3}.Release|Any CPU.ActiveCfg = Release|Any CPU
		{F122A9B4-1B4D-4F7E-ADD3-E9038F38D7D3}.Release|Any CPU.Build.0 = Release|Any CPU
		{8435AD06-26A7-4824-BC6F-1C89BF011348}.Debug|Any CPU.ActiveCfg = Debug|Any CPU
		{8435AD06-26A7-4824-BC6F-1C89BF011348}.Debug|Any CPU.Build.0 = Debug|Any CPU
		{8435AD06-26A7-4824-BC6F-1C89BF011348}.Release|Any CPU.ActiveCfg = Release|Any CPU
		{8435AD06-26A7-4824-BC6F-1C89BF011348}.Release|Any CPU.Build.0 = Release|Any CPU
	EndGlobalSection
	GlobalSection(SolutionProperties) = preSolution
		HideSolutionNode = FALSE
	EndGlobalSection
	GlobalSection(ExtensibilityGlobals) = postSolution
		SolutionGuid = {C5537AD5-7C6B-4D68-8D5F-2A7EFD67B4A7}
	EndGlobalSection
EndGlobal
